
Microsoft Visual Studio Solution File, Format Version 12.00
# Visual Studio Version 17
VisualStudioVersion = 17.11.35303.130
MinimumVisualStudioVersion = 10.0.40219.1
Project("{FAE04EC0-301F-11D3-BF4B-00C04F79EFBC}") = "SupplyFlowApp", "SupplyFlowApp\SupplyFlowApp.csproj", "{76F086F0-44AA-41A7-9883-DBDBE4BAF737}"
EndProject
Global
	GlobalSection(SolutionConfigurationPlatforms) = preSolution
		Debug|Any CPU = Debug|Any CPU
		Release|Any CPU = Release|Any CPU
	EndGlobalSection
	GlobalSection(ProjectConfigurationPlatforms) = postSolution
		{76F086F0-44AA-41A7-9883-DBDBE4BAF737}.Debug|Any CPU.ActiveCfg = Debug|Any CPU
		{76F086F0-44AA-41A7-9883-DBDBE4BAF737}.Debug|Any CPU.Build.0 = Debug|Any CPU
		{76F086F0-44AA-41A7-9883-DBDBE4BAF737}.Release|Any CPU.ActiveCfg = Release|Any CPU
		{76F086F0-44AA-41A7-9883-DBDBE4BAF737}.Release|Any CPU.Build.0 = Release|Any CPU
	EndGlobalSection
	GlobalSection(SolutionProperties) = preSolution
		HideSolutionNode = FALSE
	EndGlobalSection
	GlobalSection(ExtensibilityGlobals) = postSolution
		SolutionGuid = {941E1C93-9B4D-4BB6-B028-97B85B94C916}
	EndGlobalSection
EndGlobal
